
Microsoft Visual Studio Solution File, Format Version 11.00
# Visual Studio 2010
Project("{FAE04EC0-301F-11D3-BF4B-00C04F79EFBC}") = "Assembly-CSharp", "Assembly-CSharp.csproj", "{7150EC1A-AC66-135C-DB32-20ACEC1F3E79}"
EndProject
Project("{FAE04EC0-301F-11D3-BF4B-00C04F79EFBC}") = "Assembly-CSharp-Editor", "Assembly-CSharp-Editor.csproj", "{1E1D73B1-0EDF-83F0-85F8-587312B29F7A}"
EndProject
Global
	GlobalSection(SolutionConfigurationPlatforms) = preSolution
		Debug|Any CPU = Debug|Any CPU
		Release|Any CPU = Release|Any CPU
	EndGlobalSection
	GlobalSection(ProjectConfigurationPlatforms) = postSolution
		{7150EC1A-AC66-135C-DB32-20ACEC1F3E79}.Debug|Any CPU.ActiveCfg = Debug|Any CPU
		{7150EC1A-AC66-135C-DB32-20ACEC1F3E79}.Debug|Any CPU.Build.0 = Debug|Any CPU
		{7150EC1A-AC66-135C-DB32-20ACEC1F3E79}.Release|Any CPU.ActiveCfg = Release|Any CPU
		{7150EC1A-AC66-135C-DB32-20ACEC1F3E79}.Release|Any CPU.Build.0 = Release|Any CPU
		{1E1D73B1-0EDF-83F0-85F8-587312B29F7A}.Debug|Any CPU.ActiveCfg = Debug|Any CPU
		{1E1D73B1-0EDF-83F0-85F8-587312B29F7A}.Debug|Any CPU.Build.0 = Debug|Any CPU
		{1E1D73B1-0EDF-83F0-85F8-587312B29F7A}.Release|Any CPU.ActiveCfg = Release|Any CPU
		{1E1D73B1-0EDF-83F0-85F8-587312B29F7A}.Release|Any CPU.Build.0 = Release|Any CPU
	EndGlobalSection
	GlobalSection(SolutionProperties) = preSolution
		HideSolutionNode = FALSE
	EndGlobalSection
	GlobalSection(MonoDevelopProperties) = preSolution
		StartupItem = Assembly-CSharp.csproj
	EndGlobalSection
EndGlobal
